
Microsoft Visual Studio Solution File, Format Version 12.00
# Visual Studio Version 17
VisualStudioVersion = 17.5.002.0
MinimumVisualStudioVersion = 10.0.40219.1
Project("{9A19103F-16F7-4668-BE54-9A1E7A4F7556}") = "newlesson2", "newlesson2\newlesson2.csproj", "{CA71BC9F-3D57-4022-8BDC-D3599BFC621B}"
EndProject
Project("{2150E333-8FDC-42A3-9474-1A3956D46DE8}") = "seminar", "seminar", "{9B8D00E7-00F6-46B7-9512-29674D839E1E}"
EndProject
Project("{9A19103F-16F7-4668-BE54-9A1E7A4F7556}") = "task0", "seminar\task0\task0.csproj", "{24234A63-A6A6-4B1A-824C-B663A06B8AE7}"
EndProject
Project("{9A19103F-16F7-4668-BE54-9A1E7A4F7556}") = "task1", "seminar\task1\task1.csproj", "{3C9CCF9B-C2B9-42DF-98D0-D66568BA26E6}"
EndProject
Project("{9A19103F-16F7-4668-BE54-9A1E7A4F7556}") = "task3", "seminar\task3\task3.csproj", "{82CEF23B-FA3D-4992-B4FE-59DD18114174}"
EndProject
Project("{9A19103F-16F7-4668-BE54-9A1E7A4F7556}") = "task5", "seminar\task5\task5.csproj", "{67569673-A631-473C-8B0B-06C426EF9686}"
EndProject
Project("{9A19103F-16F7-4668-BE54-9A1E7A4F7556}") = "task7", "seminar\task7\task7.csproj", "{69FE7ED2-3FDC-4EED-8168-198E95BFF5C0}"
EndProject
Project("{2150E333-8FDC-42A3-9474-1A3956D46DE8}") = "seminar02", "seminar02", "{4650F268-A456-49F1-BB2D-D392DE4437A7}"
EndProject
Project("{9A19103F-16F7-4668-BE54-9A1E7A4F7556}") = "task0", "seminar02\task0\task0.csproj", "{6D4626A0-5AAE-4EDF-A14A-33D7F1FEE3B4}"
EndProject
Project("{9A19103F-16F7-4668-BE54-9A1E7A4F7556}") = "task1", "seminar02\task1\task1.csproj", "{3AC955A4-035E-4D13-88D7-D217F5DB8F9A}"
EndProject
Project("{9A19103F-16F7-4668-BE54-9A1E7A4F7556}") = "task2", "seminar02\task2\task2.csproj", "{31B14062-198E-41A7-9DE8-17E7794CF1A4}"
EndProject
Project("{9A19103F-16F7-4668-BE54-9A1E7A4F7556}") = "task3", "seminar02\task3\task3.csproj", "{352E1524-EECF-4406-A027-8031459E0AC7}"
EndProject
Project("{9A19103F-16F7-4668-BE54-9A1E7A4F7556}") = "task4", "seminar02\task4\task4.csproj", "{156176F8-6A5A-4F78-B724-5056B56723AD}"
EndProject
Project("{2150E333-8FDC-42A3-9474-1A3956D46DE8}") = "homework", "homework", "{9993BC84-95E7-421C-9CDD-306DC805CD5F}"
EndProject
Project("{9A19103F-16F7-4668-BE54-9A1E7A4F7556}") = "task2", "seminar\homework\task2\task2.csproj", "{707D2832-D1BF-41F3-885A-379CCCA358ED}"
EndProject
Project("{9A19103F-16F7-4668-BE54-9A1E7A4F7556}") = "task4", "seminar\homework\task4\task4.csproj", "{E55F1C1E-4520-4BF8-98BA-DE5C1C8E5707}"
EndProject
Project("{9A19103F-16F7-4668-BE54-9A1E7A4F7556}") = "task6", "seminar\homework\task6\task6.csproj", "{8009891C-6D0D-412D-BFA4-F7B833406C8D}"
EndProject
Project("{9A19103F-16F7-4668-BE54-9A1E7A4F7556}") = "task8", "seminar\homework\task8\task8.csproj", "{8E36A25A-7CF5-4BBC-BF88-010E475E181F}"
EndProject
Project("{2150E333-8FDC-42A3-9474-1A3956D46DE8}") = "homework", "homework", "{8AF91C13-0C4D-44D2-9784-E8D822959A8D}"
EndProject
Project("{9A19103F-16F7-4668-BE54-9A1E7A4F7556}") = "task10", "seminar02\homework\task10\task10.csproj", "{DE5F3F3A-01E1-4902-ABC2-55A7E9B348AB}"
EndProject
Project("{9A19103F-16F7-4668-BE54-9A1E7A4F7556}") = "task13", "seminar02\homework\task13\task13.csproj", "{47D430B2-0210-4C01-9BAF-0462DBD5A4F5}"
EndProject
Global
	GlobalSection(SolutionConfigurationPlatforms) = preSolution
		Debug|Any CPU = Debug|Any CPU
		Release|Any CPU = Release|Any CPU
	EndGlobalSection
	GlobalSection(ProjectConfigurationPlatforms) = postSolution
		{CA71BC9F-3D57-4022-8BDC-D3599BFC621B}.Debug|Any CPU.ActiveCfg = Debug|Any CPU
		{CA71BC9F-3D57-4022-8BDC-D3599BFC621B}.Debug|Any CPU.Build.0 = Debug|Any CPU
		{CA71BC9F-3D57-4022-8BDC-D3599BFC621B}.Release|Any CPU.ActiveCfg = Release|Any CPU
		{CA71BC9F-3D57-4022-8BDC-D3599BFC621B}.Release|Any CPU.Build.0 = Release|Any CPU
		{24234A63-A6A6-4B1A-824C-B663A06B8AE7}.Debug|Any CPU.ActiveCfg = Debug|Any CPU
		{24234A63-A6A6-4B1A-824C-B663A06B8AE7}.Debug|Any CPU.Build.0 = Debug|Any CPU
		{24234A63-A6A6-4B1A-824C-B663A06B8AE7}.Release|Any CPU.ActiveCfg = Release|Any CPU
		{24234A63-A6A6-4B1A-824C-B663A06B8AE7}.Release|Any CPU.Build.0 = Release|Any CPU
		{3C9CCF9B-C2B9-42DF-98D0-D66568BA26E6}.Debug|Any CPU.ActiveCfg = Debug|Any CPU
		{3C9CCF9B-C2B9-42DF-98D0-D66568BA26E6}.Debug|Any CPU.Build.0 = Debug|Any CPU
		{3C9CCF9B-C2B9-42DF-98D0-D66568BA26E6}.Release|Any CPU.ActiveCfg = Release|Any CPU
		{3C9CCF9B-C2B9-42DF-98D0-D66568BA26E6}.Release|Any CPU.Build.0 = Release|Any CPU
		{82CEF23B-FA3D-4992-B4FE-59DD18114174}.Debug|Any CPU.ActiveCfg = Debug|Any CPU
		{82CEF23B-FA3D-4992-B4FE-59DD18114174}.Debug|Any CPU.Build.0 = Debug|Any CPU
		{82CEF23B-FA3D-4992-B4FE-59DD18114174}.Release|Any CPU.ActiveCfg = Release|Any CPU
		{82CEF23B-FA3D-4992-B4FE-59DD18114174}.Release|Any CPU.Build.0 = Release|Any CPU
		{67569673-A631-473C-8B0B-06C426EF9686}.Debug|Any CPU.ActiveCfg = Debug|Any CPU
		{67569673-A631-473C-8B0B-06C426EF9686}.Debug|Any CPU.Build.0 = Debug|Any CPU
		{67569673-A631-473C-8B0B-06C426EF9686}.Release|Any CPU.ActiveCfg = Release|Any CPU
		{67569673-A631-473C-8B0B-06C426EF9686}.Release|Any CPU.Build.0 = Release|Any CPU
		{69FE7ED2-3FDC-4EED-8168-198E95BFF5C0}.Debug|Any CPU.ActiveCfg = Debug|Any CPU
		{69FE7ED2-3FDC-4EED-8168-198E95BFF5C0}.Debug|Any CPU.Build.0 = Debug|Any CPU
		{69FE7ED2-3FDC-4EED-8168-198E95BFF5C0}.Release|Any CPU.ActiveCfg = Release|Any CPU
		{69FE7ED2-3FDC-4EED-8168-198E95BFF5C0}.Release|Any CPU.Build.0 = Release|Any CPU
		{6D4626A0-5AAE-4EDF-A14A-33D7F1FEE3B4}.Debug|Any CPU.ActiveCfg = Debug|Any CPU
		{6D4626A0-5AAE-4EDF-A14A-33D7F1FEE3B4}.Debug|Any CPU.Build.0 = Debug|Any CPU
		{6D4626A0-5AAE-4EDF-A14A-33D7F1FEE3B4}.Release|Any CPU.ActiveCfg = Release|Any CPU
		{6D4626A0-5AAE-4EDF-A14A-33D7F1FEE3B4}.Release|Any CPU.Build.0 = Release|Any CPU
		{3AC955A4-035E-4D13-88D7-D217F5DB8F9A}.Debug|Any CPU.ActiveCfg = Debug|Any CPU
		{3AC955A4-035E-4D13-88D7-D217F5DB8F9A}.Debug|Any CPU.Build.0 = Debug|Any CPU
		{3AC955A4-035E-4D13-88D7-D217F5DB8F9A}.Release|Any CPU.ActiveCfg = Release|Any CPU
		{3AC955A4-035E-4D13-88D7-D217F5DB8F9A}.Release|Any CPU.Build.0 = Release|Any CPU
		{31B14062-198E-41A7-9DE8-17E7794CF1A4}.Debug|Any CPU.ActiveCfg = Debug|Any CPU
		{31B14062-198E-41A7-9DE8-17E7794CF1A4}.Debug|Any CPU.Build.0 = Debug|Any CPU
		{31B14062-198E-41A7-9DE8-17E7794CF1A4}.Release|Any CPU.ActiveCfg = Release|Any CPU
		{31B14062-198E-41A7-9DE8-17E7794CF1A4}.Release|Any CPU.Build.0 = Release|Any CPU
		{352E1524-EECF-4406-A027-8031459E0AC7}.Debug|Any CPU.ActiveCfg = Debug|Any CPU
		{352E1524-EECF-4406-A027-8031459E0AC7}.Debug|Any CPU.Build.0 = Debug|Any CPU
		{352E1524-EECF-4406-A027-8031459E0AC7}.Release|Any CPU.ActiveCfg = Release|Any CPU
		{352E1524-EECF-4406-A027-8031459E0AC7}.Release|Any CPU.Build.0 = Release|Any CPU
		{156176F8-6A5A-4F78-B724-5056B56723AD}.Debug|Any CPU.ActiveCfg = Debug|Any CPU
		{156176F8-6A5A-4F78-B724-5056B56723AD}.Debug|Any CPU.Build.0 = Debug|Any CPU
		{156176F8-6A5A-4F78-B724-5056B56723AD}.Release|Any CPU.ActiveCfg = Release|Any CPU
		{156176F8-6A5A-4F78-B724-5056B56723AD}.Release|Any CPU.Build.0 = Release|Any CPU
		{707D2832-D1BF-41F3-885A-379CCCA358ED}.Debug|Any CPU.ActiveCfg = Debug|Any CPU
		{707D2832-D1BF-41F3-885A-379CCCA358ED}.Debug|Any CPU.Build.0 = Debug|Any CPU
		{707D2832-D1BF-41F3-885A-379CCCA358ED}.Release|Any CPU.ActiveCfg = Release|Any CPU
		{707D2832-D1BF-41F3-885A-379CCCA358ED}.Release|Any CPU.Build.0 = Release|Any CPU
		{E55F1C1E-4520-4BF8-98BA-DE5C1C8E5707}.Debug|Any CPU.ActiveCfg = Debug|Any CPU
		{E55F1C1E-4520-4BF8-98BA-DE5C1C8E5707}.Debug|Any CPU.Build.0 = Debug|Any CPU
		{E55F1C1E-4520-4BF8-98BA-DE5C1C8E5707}.Release|Any CPU.ActiveCfg = Release|Any CPU
		{E55F1C1E-4520-4BF8-98BA-DE5C1C8E5707}.Release|Any CPU.Build.0 = Release|Any CPU
		{8009891C-6D0D-412D-BFA4-F7B833406C8D}.Debug|Any CPU.ActiveCfg = Debug|Any CPU
		{8009891C-6D0D-412D-BFA4-F7B833406C8D}.Debug|Any CPU.Build.0 = Debug|Any CPU
		{8009891C-6D0D-412D-BFA4-F7B833406C8D}.Release|Any CPU.ActiveCfg = Release|Any CPU
		{8009891C-6D0D-412D-BFA4-F7B833406C8D}.Release|Any CPU.Build.0 = Release|Any CPU
		{8E36A25A-7CF5-4BBC-BF88-010E475E181F}.Debug|Any CPU.ActiveCfg = Debug|Any CPU
		{8E36A25A-7CF5-4BBC-BF88-010E475E181F}.Debug|Any CPU.Build.0 = Debug|Any CPU
		{8E36A25A-7CF5-4BBC-BF88-010E475E181F}.Release|Any CPU.ActiveCfg = Release|Any CPU
		{8E36A25A-7CF5-4BBC-BF88-010E475E181F}.Release|Any CPU.Build.0 = Release|Any CPU
		{DE5F3F3A-01E1-4902-ABC2-55A7E9B348AB}.Debug|Any CPU.ActiveCfg = Debug|Any CPU
		{DE5F3F3A-01E1-4902-ABC2-55A7E9B348AB}.Debug|Any CPU.Build.0 = Debug|Any CPU
		{DE5F3F3A-01E1-4902-ABC2-55A7E9B348AB}.Release|Any CPU.ActiveCfg = Release|Any CPU
		{DE5F3F3A-01E1-4902-ABC2-55A7E9B348AB}.Release|Any CPU.Build.0 = Release|Any CPU
		{47D430B2-0210-4C01-9BAF-0462DBD5A4F5}.Debug|Any CPU.ActiveCfg = Debug|Any CPU
		{47D430B2-0210-4C01-9BAF-0462DBD5A4F5}.Debug|Any CPU.Build.0 = Debug|Any CPU
		{47D430B2-0210-4C01-9BAF-0462DBD5A4F5}.Release|Any CPU.ActiveCfg = Release|Any CPU
		{47D430B2-0210-4C01-9BAF-0462DBD5A4F5}.Release|Any CPU.Build.0 = Release|Any CPU
	EndGlobalSection
	GlobalSection(SolutionProperties) = preSolution
		HideSolutionNode = FALSE
	EndGlobalSection
	GlobalSection(NestedProjects) = preSolution
		{24234A63-A6A6-4B1A-824C-B663A06B8AE7} = {9B8D00E7-00F6-46B7-9512-29674D839E1E}
		{3C9CCF9B-C2B9-42DF-98D0-D66568BA26E6} = {9B8D00E7-00F6-46B7-9512-29674D839E1E}
		{82CEF23B-FA3D-4992-B4FE-59DD18114174} = {9B8D00E7-00F6-46B7-9512-29674D839E1E}
		{67569673-A631-473C-8B0B-06C426EF9686} = {9B8D00E7-00F6-46B7-9512-29674D839E1E}
		{69FE7ED2-3FDC-4EED-8168-198E95BFF5C0} = {9B8D00E7-00F6-46B7-9512-29674D839E1E}
		{6D4626A0-5AAE-4EDF-A14A-33D7F1FEE3B4} = {4650F268-A456-49F1-BB2D-D392DE4437A7}
		{3AC955A4-035E-4D13-88D7-D217F5DB8F9A} = {4650F268-A456-49F1-BB2D-D392DE4437A7}
		{31B14062-198E-41A7-9DE8-17E7794CF1A4} = {4650F268-A456-49F1-BB2D-D392DE4437A7}
		{352E1524-EECF-4406-A027-8031459E0AC7} = {4650F268-A456-49F1-BB2D-D392DE4437A7}
		{156176F8-6A5A-4F78-B724-5056B56723AD} = {4650F268-A456-49F1-BB2D-D392DE4437A7}
		{9993BC84-95E7-421C-9CDD-306DC805CD5F} = {9B8D00E7-00F6-46B7-9512-29674D839E1E}
		{707D2832-D1BF-41F3-885A-379CCCA358ED} = {9993BC84-95E7-421C-9CDD-306DC805CD5F}
		{E55F1C1E-4520-4BF8-98BA-DE5C1C8E5707} = {9993BC84-95E7-421C-9CDD-306DC805CD5F}
		{8009891C-6D0D-412D-BFA4-F7B833406C8D} = {9993BC84-95E7-421C-9CDD-306DC805CD5F}
		{8E36A25A-7CF5-4BBC-BF88-010E475E181F} = {9993BC84-95E7-421C-9CDD-306DC805CD5F}
		{8AF91C13-0C4D-44D2-9784-E8D822959A8D} = {4650F268-A456-49F1-BB2D-D392DE4437A7}
		{DE5F3F3A-01E1-4902-ABC2-55A7E9B348AB} = {8AF91C13-0C4D-44D2-9784-E8D822959A8D}
		{47D430B2-0210-4C01-9BAF-0462DBD5A4F5} = {8AF91C13-0C4D-44D2-9784-E8D822959A8D}
	EndGlobalSection
	GlobalSection(ExtensibilityGlobals) = postSolution
		SolutionGuid = {0E41D980-BD85-44B3-85F3-05D0BDD1D31B}
	EndGlobalSection
EndGlobal
